// !$*UTF8*$!
{
	archiveVersion = 1;
	classes = {
	};
	objectVersion = 46;
	objects = {

/* Begin PBXBuildFile section */
		C8D1A1CB1CBB8D5900CAA743 /* AppDelegate.swift in Sources */ = {isa = PBXBuildFile; fileRef = C8D1A1CA1CBB8D5900CAA743 /* AppDelegate.swift */; };
		C8D1A1CD1CBB8D5900CAA743 /* ViewController.swift in Sources */ = {isa = PBXBuildFile; fileRef = C8D1A1CC1CBB8D5900CAA743 /* ViewController.swift */; };
		C8D1A1D01CBB8D5900CAA743 /* Main.storyboard in Resources */ = {isa = PBXBuildFile; fileRef = C8D1A1CE1CBB8D5900CAA743 /* Main.storyboard */; };
		C8D1A1D21CBB8D5900CAA743 /* Assets.xcassets in Resources */ = {isa = PBXBuildFile; fileRef = C8D1A1D11CBB8D5900CAA743 /* Assets.xcassets */; };
		C8D1A1D51CBB8D5900CAA743 /* LaunchScreen.storyboard in Resources */ = {isa = PBXBuildFile; fileRef = C8D1A1D31CBB8D5900CAA743 /* LaunchScreen.storyboard */; };
		C8D1A1E01CBB8D5900CAA743 /* SelectionExampleTests.swift in Sources */ = {isa = PBXBuildFile; fileRef = C8D1A1DF1CBB8D5900CAA743 /* SelectionExampleTests.swift */; };
		C8D1A1EB1CBB8D5900CAA743 /* SelectionExampleUITests.swift in Sources */ = {isa = PBXBuildFile; fileRef = C8D1A1EA1CBB8D5900CAA743 /* SelectionExampleUITests.swift */; };
		C8D1A2021CBCC29A00CAA743 /* LTSelectionView.swift in Sources */ = {isa = PBXBuildFile; fileRef = C8D1A2001CBCC29A00CAA743 /* LTSelectionView.swift */; };
		C8D1A2031CBCC29A00CAA743 /* LTSelectionViewCell.swift in Sources */ = {isa = PBXBuildFile; fileRef = C8D1A2011CBCC29A00CAA743 /* LTSelectionViewCell.swift */; };
/* End PBXBuildFile section */

/* Begin PBXContainerItemProxy section */
		C8D1A1DC1CBB8D5900CAA743 /* PBXContainerItemProxy */ = {
			isa = PBXContainerItemProxy;
			containerPortal = C8D1A1BF1CBB8D5800CAA743 /* Project object */;
			proxyType = 1;
			remoteGlobalIDString = C8D1A1C61CBB8D5800CAA743;
			remoteInfo = SelectionExample;
		};
		C8D1A1E71CBB8D5900CAA743 /* PBXContainerItemProxy */ = {
			isa = PBXContainerItemProxy;
			containerPortal = C8D1A1BF1CBB8D5800CAA743 /* Project object */;
			proxyType = 1;
			remoteGlobalIDString = C8D1A1C61CBB8D5800CAA743;
			remoteInfo = SelectionExample;
		};
/* End PBXContainerItemProxy section */

/* Begin PBXFileReference section */
		C8D1A1C71CBB8D5800CAA743 /* SelectionExample.app */ = {isa = PBXFileReference; explicitFileType = wrapper.application; includeInIndex = 0; path = SelectionExample.app; sourceTree = BUILT_PRODUCTS_DIR; };
		C8D1A1CA1CBB8D5900CAA743 /* AppDelegate.swift */ = {isa = PBXFileReference; lastKnownFileType = sourcecode.swift; path = AppDelegate.swift; sourceTree = "<group>"; };
		C8D1A1CC1CBB8D5900CAA743 /* ViewController.swift */ = {isa = PBXFileReference; lastKnownFileType = sourcecode.swift; path = ViewController.swift; sourceTree = "<group>"; };
		C8D1A1CF1CBB8D5900CAA743 /* Base */ = {isa = PBXFileReference; lastKnownFileType = file.storyboard; name = Base; path = Base.lproj/Main.storyboard; sourceTree = "<group>"; };
		C8D1A1D11CBB8D5900CAA743 /* Assets.xcassets */ = {isa = PBXFileReference; lastKnownFileType = folder.assetcatalog; path = Assets.xcassets; sourceTree = "<group>"; };
		C8D1A1D41CBB8D5900CAA743 /* Base */ = {isa = PBXFileReference; lastKnownFileType = file.storyboard; name = Base; path = Base.lproj/LaunchScreen.storyboard; sourceTree = "<group>"; };
		C8D1A1D61CBB8D5900CAA743 /* Info.plist */ = {isa = PBXFileReference; lastKnownFileType = text.plist.xml; path = Info.plist; sourceTree = "<group>"; };
		C8D1A1DB1CBB8D5900CAA743 /* SelectionExampleTests.xctest */ = {isa = PBXFileReference; explicitFileType = wrapper.cfbundle; includeInIndex = 0; path = SelectionExampleTests.xctest; sourceTree = BUILT_PRODUCTS_DIR; };
		C8D1A1DF1CBB8D5900CAA743 /* SelectionExampleTests.swift */ = {isa = PBXFileReference; lastKnownFileType = sourcecode.swift; path = SelectionExampleTests.swift; sourceTree = "<group>"; };
		C8D1A1E11CBB8D5900CAA743 /* Info.plist */ = {isa = PBXFileReference; lastKnownFileType = text.plist.xml; path = Info.plist; sourceTree = "<group>"; };
		C8D1A1E61CBB8D5900CAA743 /* SelectionExampleUITests.xctest */ = {isa = PBXFileReference; explicitFileType = wrapper.cfbundle; includeInIndex = 0; path = SelectionExampleUITests.xctest; sourceTree = BUILT_PRODUCTS_DIR; };
		C8D1A1EA1CBB8D5900CAA743 /* SelectionExampleUITests.swift */ = {isa = PBXFileReference; lastKnownFileType = sourcecode.swift; path = SelectionExampleUITests.swift; sourceTree = "<group>"; };
		C8D1A1EC1CBB8D5900CAA743 /* Info.plist */ = {isa = PBXFileReference; lastKnownFileType = text.plist.xml; path = Info.plist; sourceTree = "<group>"; };
		C8D1A2001CBCC29A00CAA743 /* LTSelectionView.swift */ = {isa = PBXFileReference; fileEncoding = 4; lastKnownFileType = sourcecode.swift; path = LTSelectionView.swift; sourceTree = "<group>"; };
		C8D1A2011CBCC29A00CAA743 /* LTSelectionViewCell.swift */ = {isa = PBXFileReference; fileEncoding = 4; lastKnownFileType = sourcecode.swift; path = LTSelectionViewCell.swift; sourceTree = "<group>"; };
/* End PBXFileReference section */

/* Begin PBXFrameworksBuildPhase section */
		C8D1A1C41CBB8D5800CAA743 /* Frameworks */ = {
			isa = PBXFrameworksBuildPhase;
			buildActionMask = 2147483647;
			files = (
			);
			runOnlyForDeploymentPostprocessing = 0;
		};
		C8D1A1D81CBB8D5900CAA743 /* Frameworks */ = {
			isa = PBXFrameworksBuildPhase;
			buildActionMask = 2147483647;
			files = (
			);
			runOnlyForDeploymentPostprocessing = 0;
		};
		C8D1A1E31CBB8D5900CAA743 /* Frameworks */ = {
			isa = PBXFrameworksBuildPhase;
			buildActionMask = 2147483647;
			files = (
			);
			runOnlyForDeploymentPostprocessing = 0;
		};
/* End PBXFrameworksBuildPhase section */

/* Begin PBXGroup section */
		C8D1A1BE1CBB8D5800CAA743 = {
			isa = PBXGroup;
			children = (
				C8D1A1C91CBB8D5900CAA743 /* SelectionExample */,
				C8D1A1DE1CBB8D5900CAA743 /* SelectionExampleTests */,
				C8D1A1E91CBB8D5900CAA743 /* SelectionExampleUITests */,
				C8D1A1C81CBB8D5800CAA743 /* Products */,
			);
			sourceTree = "<group>";
		};
		C8D1A1C81CBB8D5800CAA743 /* Products */ = {
			isa = PBXGroup;
			children = (
				C8D1A1C71CBB8D5800CAA743 /* SelectionExample.app */,
				C8D1A1DB1CBB8D5900CAA743 /* SelectionExampleTests.xctest */,
				C8D1A1E61CBB8D5900CAA743 /* SelectionExampleUITests.xctest */,
			);
			name = Products;
			sourceTree = "<group>";
		};
		C8D1A1C91CBB8D5900CAA743 /* SelectionExample */ = {
			isa = PBXGroup;
			children = (
				C8D1A1FF1CBCC29A00CAA743 /* SelectionView */,
				C8D1A1CA1CBB8D5900CAA743 /* AppDelegate.swift */,
				C8D1A1CC1CBB8D5900CAA743 /* ViewController.swift */,
				C8D1A1CE1CBB8D5900CAA743 /* Main.storyboard */,
				C8D1A1D11CBB8D5900CAA743 /* Assets.xcassets */,
				C8D1A1D31CBB8D5900CAA743 /* LaunchScreen.storyboard */,
				C8D1A1D61CBB8D5900CAA743 /* Info.plist */,
			);
			path = SelectionExample;
			sourceTree = "<group>";
		};
		C8D1A1DE1CBB8D5900CAA743 /* SelectionExampleTests */ = {
			isa = PBXGroup;
			children = (
				C8D1A1DF1CBB8D5900CAA743 /* SelectionExampleTests.swift */,
				C8D1A1E11CBB8D5900CAA743 /* Info.plist */,
			);
			path = SelectionExampleTests;
			sourceTree = "<group>";
		};
		C8D1A1E91CBB8D5900CAA743 /* SelectionExampleUITests */ = {
			isa = PBXGroup;
			children = (
				C8D1A1EA1CBB8D5900CAA743 /* SelectionExampleUITests.swift */,
				C8D1A1EC1CBB8D5900CAA743 /* Info.plist */,
			);
			path = SelectionExampleUITests;
			sourceTree = "<group>";
		};
		C8D1A1FF1CBCC29A00CAA743 /* SelectionView */ = {
			isa = PBXGroup;
			children = (
				C8D1A2001CBCC29A00CAA743 /* LTSelectionView.swift */,
				C8D1A2011CBCC29A00CAA743 /* LTSelectionViewCell.swift */,
			);
			path = SelectionView;
			sourceTree = "<group>";
		};
/* End PBXGroup section */

/* Begin PBXNativeTarget section */
		C8D1A1C61CBB8D5800CAA743 /* SelectionExample */ = {
			isa = PBXNativeTarget;
			buildConfigurationList = C8D1A1EF1CBB8D5900CAA743 /* Build configuration list for PBXNativeTarget "SelectionExample" */;
			buildPhases = (
				C8D1A1C31CBB8D5800CAA743 /* Sources */,
				C8D1A1C41CBB8D5800CAA743 /* Frameworks */,
				C8D1A1C51CBB8D5800CAA743 /* Resources */,
			);
			buildRules = (
			);
			dependencies = (
			);
			name = SelectionExample;
			productName = SelectionExample;
			productReference = C8D1A1C71CBB8D5800CAA743 /* SelectionExample.app */;
			productType = "com.apple.product-type.application";
		};
		C8D1A1DA1CBB8D5900CAA743 /* SelectionExampleTests */ = {
			isa = PBXNativeTarget;
			buildConfigurationList = C8D1A1F21CBB8D5900CAA743 /* Build configuration list for PBXNativeTarget "SelectionExampleTests" */;
			buildPhases = (
				C8D1A1D71CBB8D5900CAA743 /* Sources */,
				C8D1A1D81CBB8D5900CAA743 /* Frameworks */,
				C8D1A1D91CBB8D5900CAA743 /* Resources */,
			);
			buildRules = (
			);
			dependencies = (
				C8D1A1DD1CBB8D5900CAA743 /* PBXTargetDependency */,
			);
			name = SelectionExampleTests;
			productName = SelectionExampleTests;
			productReference = C8D1A1DB1CBB8D5900CAA743 /* SelectionExampleTests.xctest */;
			productType = "com.apple.product-type.bundle.unit-test";
		};
		C8D1A1E51CBB8D5900CAA743 /* SelectionExampleUITests */ = {
			isa = PBXNativeTarget;
			buildConfigurationList = C8D1A1F51CBB8D5900CAA743 /* Build configuration list for PBXNativeTarget "SelectionExampleUITests" */;
			buildPhases = (
				C8D1A1E21CBB8D5900CAA743 /* Sources */,
				C8D1A1E31CBB8D5900CAA743 /* Frameworks */,
				C8D1A1E41CBB8D5900CAA743 /* Resources */,
			);
			buildRules = (
			);
			dependencies = (
				C8D1A1E81CBB8D5900CAA743 /* PBXTargetDependency */,
			);
			name = SelectionExampleUITests;
			productName = SelectionExampleUITests;
			productReference = C8D1A1E61CBB8D5900CAA743 /* SelectionExampleUITests.xctest */;
			productType = "com.apple.product-type.bundle.ui-testing";
		};
/* End PBXNativeTarget section */

/* Begin PBXProject section */
		C8D1A1BF1CBB8D5800CAA743 /* Project object */ = {
			isa = PBXProject;
			attributes = {
				LastSwiftUpdateCheck = 0730;
				LastUpgradeCheck = 0730;
				ORGANIZATIONNAME = "liu ting";
				TargetAttributes = {
					C8D1A1C61CBB8D5800CAA743 = {
						CreatedOnToolsVersion = 7.3;
						DevelopmentTeam = QCER3M49EF;
					};
					C8D1A1DA1CBB8D5900CAA743 = {
						CreatedOnToolsVersion = 7.3;
						DevelopmentTeam = QCER3M49EF;
						TestTargetID = C8D1A1C61CBB8D5800CAA743;
					};
					C8D1A1E51CBB8D5900CAA743 = {
						CreatedOnToolsVersion = 7.3;
						DevelopmentTeam = QCER3M49EF;
						TestTargetID = C8D1A1C61CBB8D5800CAA743;
					};
				};
			};
			buildConfigurationList = C8D1A1C21CBB8D5800CAA743 /* Build configuration list for PBXProject "SelectionExample" */;
			compatibilityVersion = "Xcode 3.2";
			developmentRegion = English;
			hasScannedForEncodings = 0;
			knownRegions = (
				en,
				Base,
			);
			mainGroup = C8D1A1BE1CBB8D5800CAA743;
			productRefGroup = C8D1A1C81CBB8D5800CAA743 /* Products */;
			projectDirPath = "";
			projectRoot = "";
			targets = (
				C8D1A1C61CBB8D5800CAA743 /* SelectionExample */,
				C8D1A1DA1CBB8D5900CAA743 /* SelectionExampleTests */,
				C8D1A1E51CBB8D5900CAA743 /* SelectionExampleUITests */,
			);
		};
/* End PBXProject section */

/* Begin PBXResourcesBuildPhase section */
		C8D1A1C51CBB8D5800CAA743 /* Resources */ = {
			isa = PBXResourcesBuildPhase;
			buildActionMask = 2147483647;
			files = (
				C8D1A1D51CBB8D5900CAA743 /* LaunchScreen.storyboard in Resources */,
				C8D1A1D21CBB8D5900CAA743 /* Assets.xcassets in Resources */,
				C8D1A1D01CBB8D5900CAA743 /* Main.storyboard in Resources */,
			);
			runOnlyForDeploymentPostprocessing = 0;
		};
		C8D1A1D91CBB8D5900CAA743 /* Resources */ = {
			isa = PBXResourcesBuildPhase;
			buildActionMask = 2147483647;
			files = (
			);
			runOnlyForDeploymentPostprocessing = 0;
		};
		C8D1A1E41CBB8D5900CAA743 /* Resources */ = {
			isa = PBXResourcesBuildPhase;
			buildActionMask = 2147483647;
			files = (
			);
			runOnlyForDeploymentPostprocessing = 0;
		};
/* End PBXResourcesBuildPhase section */

/* Begin PBXSourcesBuildPhase section */
		C8D1A1C31CBB8D5800CAA743 /* Sources */ = {
			isa = PBXSourcesBuildPhase;
			buildActionMask = 2147483647;
			files = (
				C8D1A2021CBCC29A00CAA743 /* LTSelectionView.swift in Sources */,
				C8D1A2031CBCC29A00CAA743 /* LTSelectionViewCell.swift in Sources */,
				C8D1A1CD1CBB8D5900CAA743 /* ViewController.swift in Sources */,
				C8D1A1CB1CBB8D5900CAA743 /* AppDelegate.swift in Sources */,
			);
			runOnlyForDeploymentPostprocessing = 0;
		};
		C8D1A1D71CBB8D5900CAA743 /* Sources */ = {
			isa = PBXSourcesBuildPhase;
			buildActionMask = 2147483647;
			files = (
				C8D1A1E01CBB8D5900CAA743 /* SelectionExampleTests.swift in Sources */,
			);
			runOnlyForDeploymentPostprocessing = 0;
		};
		C8D1A1E21CBB8D5900CAA743 /* Sources */ = {
			isa = PBXSourcesBuildPhase;
			buildActionMask = 2147483647;
			files = (
				C8D1A1EB1CBB8D5900CAA743 /* SelectionExampleUITests.swift in Sources */,
			);
			runOnlyForDeploymentPostprocessing = 0;
		};
/* End PBXSourcesBuildPhase section */

/* Begin PBXTargetDependency section */
		C8D1A1DD1CBB8D5900CAA743 /* PBXTargetDependency */ = {
			isa = PBXTargetDependency;
			target = C8D1A1C61CBB8D5800CAA743 /* SelectionExample */;
			targetProxy = C8D1A1DC1CBB8D5900CAA743 /* PBXContainerItemProxy */;
		};
		C8D1A1E81CBB8D5900CAA743 /* PBXTargetDependency */ = {
			isa = PBXTargetDependency;
			target = C8D1A1C61CBB8D5800CAA743 /* SelectionExample */;
			targetProxy = C8D1A1E71CBB8D5900CAA743 /* PBXContainerItemProxy */;
		};
/* End PBXTargetDependency section */

/* Begin PBXVariantGroup section */
		C8D1A1CE1CBB8D5900CAA743 /* Main.storyboard */ = {
			isa = PBXVariantGroup;
			children = (
				C8D1A1CF1CBB8D5900CAA743 /* Base */,
			);
			name = Main.storyboard;
			sourceTree = "<group>";
		};
		C8D1A1D31CBB8D5900CAA743 /* LaunchScreen.storyboard */ = {
			isa = PBXVariantGroup;
			children = (
				C8D1A1D41CBB8D5900CAA743 /* Base */,
			);
			name = LaunchScreen.storyboard;
			sourceTree = "<group>";
		};
/* End PBXVariantGroup section */

/* Begin XCBuildConfiguration section */
		C8D1A1ED1CBB8D5900CAA743 /* Debug */ = {
			isa = XCBuildConfiguration;
			buildSettings = {
				ALWAYS_SEARCH_USER_PATHS = NO;
				CLANG_ANALYZER_NONNULL = YES;
				CLANG_CXX_LANGUAGE_STANDARD = "gnu++0x";
				CLANG_CXX_LIBRARY = "libc++";
				CLANG_ENABLE_MODULES = YES;
				CLANG_ENABLE_OBJC_ARC = YES;
				CLANG_WARN_BOOL_CONVERSION = YES;
				CLANG_WARN_CONSTANT_CONVERSION = YES;
				CLANG_WARN_DIRECT_OBJC_ISA_USAGE = YES_ERROR;
				CLANG_WARN_EMPTY_BODY = YES;
				CLANG_WARN_ENUM_CONVERSION = YES;
				CLANG_WARN_INT_CONVERSION = YES;
				CLANG_WARN_OBJC_ROOT_CLASS = YES_ERROR;
				CLANG_WARN_UNREACHABLE_CODE = YES;
				CLANG_WARN__DUPLICATE_METHOD_MATCH = YES;
				"CODE_SIGN_IDENTITY[sdk=iphoneos*]" = "iPhone Developer";
				COPY_PHASE_STRIP = NO;
				DEBUG_INFORMATION_FORMAT = dwarf;
				ENABLE_STRICT_OBJC_MSGSEND = YES;
				ENABLE_TESTABILITY = YES;
				GCC_C_LANGUAGE_STANDARD = gnu99;
				GCC_DYNAMIC_NO_PIC = NO;
				GCC_NO_COMMON_BLOCKS = YES;
				GCC_OPTIMIZATION_LEVEL = 0;
				GCC_PREPROCESSOR_DEFINITIONS = (
					"DEBUG=1",
					"$(inherited)",
				);
				GCC_WARN_64_TO_32_BIT_CONVERSION = YES;
				GCC_WARN_ABOUT_RETURN_TYPE = YES_ERROR;
				GCC_WARN_UNDECLARED_SELECTOR = YES;
				GCC_WARN_UNINITIALIZED_AUTOS = YES_AGGRESSIVE;
				GCC_WARN_UNUSED_FUNCTION = YES;
				GCC_WARN_UNUSED_VARIABLE = YES;
				IPHONEOS_DEPLOYMENT_TARGET = 9.3;
				MTL_ENABLE_DEBUG_INFO = YES;
				ONLY_ACTIVE_ARCH = YES;
				SDKROOT = iphoneos;
				SWIFT_OPTIMIZATION_LEVEL = "-Onone";
			};
			name = Debug;
		};
		C8D1A1EE1CBB8D5900CAA743 /* Release */ = {
			isa = XCBuildConfiguration;
			buildSettings = {
				ALWAYS_SEARCH_USER_PATHS = NO;
				CLANG_ANALYZER_NONNULL = YES;
				CLANG_CXX_LANGUAGE_STANDARD = "gnu++0x";
				CLANG_CXX_LIBRARY = "libc++";
				CLANG_ENABLE_MODULES = YES;
				CLANG_ENABLE_OBJC_ARC = YES;
				CLANG_WARN_BOOL_CONVERSION = YES;
				CLANG_WARN_CONSTANT_CONVERSION = YES;
				CLANG_WARN_DIRECT_OBJC_ISA_USAGE = YES_ERROR;
				CLANG_WARN_EMPTY_BODY = YES;
				CLANG_WARN_ENUM_CONVERSION = YES;
				CLANG_WARN_INT_CONVERSION = YES;
				CLANG_WARN_OBJC_ROOT_CLASS = YES_ERROR;
				CLANG_WARN_UNREACHABLE_CODE = YES;
				CLANG_WARN__DUPLICATE_METHOD_MATCH = YES;
				"CODE_SIGN_IDENTITY[sdk=iphoneos*]" = "iPhone Developer";
				COPY_PHASE_STRIP = NO;
				DEBUG_INFORMATION_FORMAT = "dwarf-with-dsym";
				ENABLE_NS_ASSERTIONS = NO;
				ENABLE_STRICT_OBJC_MSGSEND = YES;
				GCC_C_LANGUAGE_STANDARD = gnu99;
				GCC_NO_COMMON_BLOCKS = YES;
				GCC_WARN_64_TO_32_BIT_CONVERSION = YES;
				GCC_WARN_ABOUT_RETURN_TYPE = YES_ERROR;
				GCC_WARN_UNDECLARED_SELECTOR = YES;
				GCC_WARN_UNINITIALIZED_AUTOS = YES_AGGRESSIVE;
				GCC_WARN_UNUSED_FUNCTION = YES;
				GCC_WARN_UNUSED_VARIABLE = YES;
				IPHONEOS_DEPLOYMENT_TARGET = 9.3;
				MTL_ENABLE_DEBUG_INFO = NO;
				SDKROOT = iphoneos;
				VALIDATE_PRODUCT = YES;
			};
			name = Release;
		};
		C8D1A1F01CBB8D5900CAA743 /* Debug */ = {
			isa = XCBuildConfiguration;
			buildSettings = {
				ASSETCATALOG_COMPILER_APPICON_NAME = AppIcon;
				INFOPLIST_FILE = SelectionExample/Info.plist;
				LD_RUNPATH_SEARCH_PATHS = "$(inherited) @executable_path/Frameworks";
				PRODUCT_BUNDLE_IDENTIFIER = com.lt.HelloWorld.SelectionExample;
				PRODUCT_NAME = "$(TARGET_NAME)";
			};
			name = Debug;
		};
		C8D1A1F11CBB8D5900CAA743 /* Release */ = {
			isa = XCBuildConfiguration;
			buildSettings = {
				ASSETCATALOG_COMPILER_APPICON_NAME = AppIcon;
				INFOPLIST_FILE = SelectionExample/Info.plist;
				LD_RUNPATH_SEARCH_PATHS = "$(inherited) @executable_path/Frameworks";
				PRODUCT_BUNDLE_IDENTIFIER = com.lt.HelloWorld.SelectionExample;
				PRODUCT_NAME = "$(TARGET_NAME)";
			};
			name = Release;
		};
		C8D1A1F31CBB8D5900CAA743 /* Debug */ = {
			isa = XCBuildConfiguration;
			buildSettings = {
				BUNDLE_LOADER = "$(TEST_HOST)";
				INFOPLIST_FILE = SelectionExampleTests/Info.plist;
				LD_RUNPATH_SEARCH_PATHS = "$(inherited) @executable_path/Frameworks @loader_path/Frameworks";
				PRODUCT_BUNDLE_IDENTIFIER = com.lt.HelloWorld.SelectionExampleTests;
				PRODUCT_NAME = "$(TARGET_NAME)";
				TEST_HOST = "$(BUILT_PRODUCTS_DIR)/SelectionExample.app/SelectionExample";
			};
			name = Debug;
		};
		C8D1A1F41CBB8D5900CAA743 /* Release */ = {
			isa = XCBuildConfiguration;
			buildSettings = {
				BUNDLE_LOADER = "$(TEST_HOST)";
				INFOPLIST_FILE = SelectionExampleTests/Info.plist;
				LD_RUNPATH_SEARCH_PATHS = "$(inherited) @executable_path/Frameworks @loader_path/Frameworks";
				PRODUCT_BUNDLE_IDENTIFIER = com.lt.HelloWorld.SelectionExampleTests;
				PRODUCT_NAME = "$(TARGET_NAME)";
				TEST_HOST = "$(BUILT_PRODUCTS_DIR)/SelectionExample.app/SelectionExample";
			};
			name = Release;
		};
		C8D1A1F61CBB8D5900CAA743 /* Debug */ = {
			isa = XCBuildConfiguration;
			buildSettings = {
				INFOPLIST_FILE = SelectionExampleUITests/Info.plist;
				LD_RUNPATH_SEARCH_PATHS = "$(inherited) @executable_path/Frameworks @loader_path/Frameworks";
				PRODUCT_BUNDLE_IDENTIFIER = com.lt.HelloWorld.SelectionExampleUITests;
				PRODUCT_NAME = "$(TARGET_NAME)";
				TEST_TARGET_NAME = SelectionExample;
			};
			name = Debug;
		};
		C8D1A1F71CBB8D5900CAA743 /* Release */ = {
			isa = XCBuildConfiguration;
			buildSettings = {
				INFOPLIST_FILE = SelectionExampleUITests/Info.plist;
				LD_RUNPATH_SEARCH_PATHS = "$(inherited) @executable_path/Frameworks @loader_path/Frameworks";
				PRODUCT_BUNDLE_IDENTIFIER = com.lt.HelloWorld.SelectionExampleUITests;
				PRODUCT_NAME = "$(TARGET_NAME)";
				TEST_TARGET_NAME = SelectionExample;
			};
			name = Release;
		};
/* End XCBuildConfiguration section */

/* Begin XCConfigurationList section */
		C8D1A1C21CBB8D5800CAA743 /* Build configuration list for PBXProject "SelectionExample" */ = {
			isa = XCConfigurationList;
			buildConfigurations = (
				C8D1A1ED1CBB8D5900CAA743 /* Debug */,
				C8D1A1EE1CBB8D5900CAA743 /* Release */,
			);
			defaultConfigurationIsVisible = 0;
			defaultConfigurationName = Release;
		};
		C8D1A1EF1CBB8D5900CAA743 /* Build configuration list for PBXNativeTarget "SelectionExample" */ = {
			isa = XCConfigurationList;
			buildConfigurations = (
				C8D1A1F01CBB8D5900CAA743 /* Debug */,
				C8D1A1F11CBB8D5900CAA743 /* Release */,
			);
			defaultConfigurationIsVisible = 0;
		};
		C8D1A1F21CBB8D5900CAA743 /* Build configuration list for PBXNativeTarget "SelectionExampleTests" */ = {
			isa = XCConfigurationList;
			buildConfigurations = (
				C8D1A1F31CBB8D5900CAA743 /* Debug */,
				C8D1A1F41CBB8D5900CAA743 /* Release */,
			);
			defaultConfigurationIsVisible = 0;
		};
		C8D1A1F51CBB8D5900CAA743 /* Build configuration list for PBXNativeTarget "SelectionExampleUITests" */ = {
			isa = XCConfigurationList;
			buildConfigurations = (
				C8D1A1F61CBB8D5900CAA743 /* Debug */,
				C8D1A1F71CBB8D5900CAA743 /* Release */,
			);
			defaultConfigurationIsVisible = 0;
		};
/* End XCConfigurationList section */
	};
	rootObject = C8D1A1BF1CBB8D5800CAA743 /* Project object */;
}
